<?xml version="1.0" encoding="UTF-8" standalone="yes" ?>
<CodeBlocks_project_file>
   <FileVersion major="1" minor="6" />
   <Project>
      <Option title="udp_client" />
      <Option makefile_is_custom="1" />
      <Option compiler="gcc" />
      <Option virtualFolders="CMake Files\;" />
      <Build>
      <Target title="all">
         <Option working_dir="/home/spandan/virtualization/e/active/addon-sdk-1.17/spandan-test/test_3_cb_and_thread/native_code/build-udp_client" />
         <Option type="4" />
         <MakeCommands>
            <Build command="/usr/bin/make -f &quot;/home/spandan/virtualization/e/active/addon-sdk-1.17/spandan-test/test_3_cb_and_thread/native_code/build-udp_client/Makefile&quot;  VERBOSE=1 all" />
            <CompileFile command="/usr/bin/make -f &quot;/home/spandan/virtualization/e/active/addon-sdk-1.17/spandan-test/test_3_cb_and_thread/native_code/build-udp_client/Makefile&quot;  VERBOSE=1 &quot;$file&quot;" />
            <Clean command="/usr/bin/make -f &quot;/home/spandan/virtualization/e/active/addon-sdk-1.17/spandan-test/test_3_cb_and_thread/native_code/build-udp_client/Makefile&quot;  VERBOSE=1 clean" />
            <DistClean command="/usr/bin/make -f &quot;/home/spandan/virtualization/e/active/addon-sdk-1.17/spandan-test/test_3_cb_and_thread/native_code/build-udp_client/Makefile&quot;  VERBOSE=1 clean" />
         </MakeCommands>
      </Target>
      <Target title="rebuild_cache">
         <Option working_dir="/home/spandan/virtualization/e/active/addon-sdk-1.17/spandan-test/test_3_cb_and_thread/native_code/build-udp_client" />
         <Option type="4" />
         <MakeCommands>
            <Build command="/usr/bin/make -f &quot;/home/spandan/virtualization/e/active/addon-sdk-1.17/spandan-test/test_3_cb_and_thread/native_code/build-udp_client/Makefile&quot;  VERBOSE=1 rebuild_cache" />
            <CompileFile command="/usr/bin/make -f &quot;/home/spandan/virtualization/e/active/addon-sdk-1.17/spandan-test/test_3_cb_and_thread/native_code/build-udp_client/Makefile&quot;  VERBOSE=1 &quot;$file&quot;" />
            <Clean command="/usr/bin/make -f &quot;/home/spandan/virtualization/e/active/addon-sdk-1.17/spandan-test/test_3_cb_and_thread/native_code/build-udp_client/Makefile&quot;  VERBOSE=1 clean" />
            <DistClean command="/usr/bin/make -f &quot;/home/spandan/virtualization/e/active/addon-sdk-1.17/spandan-test/test_3_cb_and_thread/native_code/build-udp_client/Makefile&quot;  VERBOSE=1 clean" />
         </MakeCommands>
      </Target>
      <Target title="udp_client">
         <Option output="/home/spandan/virtualization/e/active/addon-sdk-1.17/spandan-test/test_3_cb_and_thread/native_code/build-udp_client/libudp_client.so" prefix_auto="0" extension_auto="0" />
         <Option working_dir="/home/spandan/virtualization/e/active/addon-sdk-1.17/spandan-test/test_3_cb_and_thread/native_code/build-udp_client" />
         <Option object_output="./" />
         <Option type="3" />
         <Option compiler="gcc" />
         <Compiler>
            <Add directory="/home/spandan/virtualization/karya/git/maidsafe/thirdparty/boost/boost_1_57_0_Clang_3_5_0" />
            <Add directory="/usr/bin/../lib/clang/3.5/include" />
            <Add directory="/usr/bin/../lib/gcc/x86_64-linux-gnu/4.8/../../../../include/c++/4.8" />
            <Add directory="/usr/bin/../lib/gcc/x86_64-linux-gnu/4.8/../../../../include/c++/4.8/backward" />
            <Add directory="/usr/bin/../lib/gcc/x86_64-linux-gnu/4.8/../../../../include/x86_64-linux-gnu/c++/4.8" />
            <Add directory="/usr/bin/../lib/gcc/x86_64-linux-gnu/4.8/include" />
            <Add directory="/usr/include" />
            <Add directory="/usr/include/x86_64-linux-gnu" />
            <Add directory="/usr/local/include" />
         </Compiler>
         <MakeCommands>
            <Build command="/usr/bin/make -f &quot;/home/spandan/virtualization/e/active/addon-sdk-1.17/spandan-test/test_3_cb_and_thread/native_code/build-udp_client/Makefile&quot;  VERBOSE=1 udp_client" />
            <CompileFile command="/usr/bin/make -f &quot;/home/spandan/virtualization/e/active/addon-sdk-1.17/spandan-test/test_3_cb_and_thread/native_code/build-udp_client/Makefile&quot;  VERBOSE=1 &quot;$file&quot;" />
            <Clean command="/usr/bin/make -f &quot;/home/spandan/virtualization/e/active/addon-sdk-1.17/spandan-test/test_3_cb_and_thread/native_code/build-udp_client/Makefile&quot;  VERBOSE=1 clean" />
            <DistClean command="/usr/bin/make -f &quot;/home/spandan/virtualization/e/active/addon-sdk-1.17/spandan-test/test_3_cb_and_thread/native_code/build-udp_client/Makefile&quot;  VERBOSE=1 clean" />
         </MakeCommands>
      </Target>
      <Target title="udp_client/fast">
         <Option output="/home/spandan/virtualization/e/active/addon-sdk-1.17/spandan-test/test_3_cb_and_thread/native_code/build-udp_client/libudp_client.so" prefix_auto="0" extension_auto="0" />
         <Option working_dir="/home/spandan/virtualization/e/active/addon-sdk-1.17/spandan-test/test_3_cb_and_thread/native_code/build-udp_client" />
         <Option object_output="./" />
         <Option type="3" />
         <Option compiler="gcc" />
         <Compiler>
            <Add directory="/home/spandan/virtualization/karya/git/maidsafe/thirdparty/boost/boost_1_57_0_Clang_3_5_0" />
            <Add directory="/usr/bin/../lib/clang/3.5/include" />
            <Add directory="/usr/bin/../lib/gcc/x86_64-linux-gnu/4.8/../../../../include/c++/4.8" />
            <Add directory="/usr/bin/../lib/gcc/x86_64-linux-gnu/4.8/../../../../include/c++/4.8/backward" />
            <Add directory="/usr/bin/../lib/gcc/x86_64-linux-gnu/4.8/../../../../include/x86_64-linux-gnu/c++/4.8" />
            <Add directory="/usr/bin/../lib/gcc/x86_64-linux-gnu/4.8/include" />
            <Add directory="/usr/include" />
            <Add directory="/usr/include/x86_64-linux-gnu" />
            <Add directory="/usr/local/include" />
         </Compiler>
         <MakeCommands>
            <Build command="/usr/bin/make -f &quot;/home/spandan/virtualization/e/active/addon-sdk-1.17/spandan-test/test_3_cb_and_thread/native_code/build-udp_client/Makefile&quot;  VERBOSE=1 udp_client/fast" />
            <CompileFile command="/usr/bin/make -f &quot;/home/spandan/virtualization/e/active/addon-sdk-1.17/spandan-test/test_3_cb_and_thread/native_code/build-udp_client/Makefile&quot;  VERBOSE=1 &quot;$file&quot;" />
            <Clean command="/usr/bin/make -f &quot;/home/spandan/virtualization/e/active/addon-sdk-1.17/spandan-test/test_3_cb_and_thread/native_code/build-udp_client/Makefile&quot;  VERBOSE=1 clean" />
            <DistClean command="/usr/bin/make -f &quot;/home/spandan/virtualization/e/active/addon-sdk-1.17/spandan-test/test_3_cb_and_thread/native_code/build-udp_client/Makefile&quot;  VERBOSE=1 clean" />
         </MakeCommands>
      </Target>
      </Build>
      <Unit filename="/home/spandan/virtualization/e/active/addon-sdk-1.17/spandan-test/test_3_cb_and_thread/native_code/udp_client/main.cc">
      </Unit>
      <Unit filename="/home/spandan/virtualization/e/active/addon-sdk-1.17/spandan-test/test_3_cb_and_thread/native_code/udp_client/udp_client.h">
      </Unit>
      <Unit filename="/home/spandan/virtualization/e/active/addon-sdk-1.17/spandan-test/test_3_cb_and_thread/native_code/udp_client/CMakeLists.txt">
          <Option virtualFolder="CMake Files\" />
      </Unit>
   </Project>
</CodeBlocks_project_file>
